// !$*UTF8*$!
{
	archiveVersion = 1;
	classes = {
	};
	objectVersion = 51;
	objects = {

/* Begin PBXBuildFile section */
		5F29EBAD24F70B1A0F55F775 /* Pods_KJBaseHandler_KJBaseHandlerUITests.framework in Frameworks */ = {isa = PBXBuildFile; fileRef = FCFD5022857AD5A13140B259 /* Pods_KJBaseHandler_KJBaseHandlerUITests.framework */; };
		68211191253551AD00EA3F3F /* KJVideoEncodeTool.m in Sources */ = {isa = PBXBuildFile; fileRef = 6821118F253551AD00EA3F3F /* KJVideoEncodeTool.m */; };
		682111972535522C00EA3F3F /* KJBaseViewController.m in Sources */ = {isa = PBXBuildFile; fileRef = 682111962535522C00EA3F3F /* KJBaseViewController.m */; };
		6821119D2535524E00EA3F3F /* KJVideoEncodeVC.m in Sources */ = {isa = PBXBuildFile; fileRef = 6821119C2535524E00EA3F3F /* KJVideoEncodeVC.m */; };
		68341CA1253E8746000CAAF3 /* KJRouter.m in Sources */ = {isa = PBXBuildFile; fileRef = 68341CA0253E8746000CAAF3 /* KJRouter.m */; };
		68341CB0253ED2A4000CAAF3 /* NSURL+KJRouter.m in Sources */ = {isa = PBXBuildFile; fileRef = 68341CAF253ED2A4000CAAF3 /* NSURL+KJRouter.m */; };
		68431B882547FC5600ED7B67 /* KJShareInstanceVC.m in Sources */ = {isa = PBXBuildFile; fileRef = 68431B872547FC5600ED7B67 /* KJShareInstanceVC.m */; };
		68431B8E25480F6900ED7B67 /* KJBadgeViewVC.m in Sources */ = {isa = PBXBuildFile; fileRef = 68431B8D25480F6900ED7B67 /* KJBadgeViewVC.m */; };
		68434AD3253D32D80012289D /* KJBaseModel.m in Sources */ = {isa = PBXBuildFile; fileRef = 68434AD2253D32D80012289D /* KJBaseModel.m */; };
		685EA0AC2546602B00C2C33C /* KJBadgeView.m in Sources */ = {isa = PBXBuildFile; fileRef = 685EA0AB2546602B00C2C33C /* KJBadgeView.m */; };
		68AD7201251D9867000C89C5 /* AppDelegate.m in Sources */ = {isa = PBXBuildFile; fileRef = 68AD7200251D9867000C89C5 /* AppDelegate.m */; };
		68AD7204251D9867000C89C5 /* SceneDelegate.m in Sources */ = {isa = PBXBuildFile; fileRef = 68AD7203251D9867000C89C5 /* SceneDelegate.m */; };
		68AD7207251D9867000C89C5 /* ViewController.m in Sources */ = {isa = PBXBuildFile; fileRef = 68AD7206251D9867000C89C5 /* ViewController.m */; };
		68AD720A251D9867000C89C5 /* Main.storyboard in Resources */ = {isa = PBXBuildFile; fileRef = 68AD7208251D9867000C89C5 /* Main.storyboard */; };
		68AD720C251D9868000C89C5 /* Assets.xcassets in Resources */ = {isa = PBXBuildFile; fileRef = 68AD720B251D9868000C89C5 /* Assets.xcassets */; };
		68AD720F251D9868000C89C5 /* LaunchScreen.storyboard in Resources */ = {isa = PBXBuildFile; fileRef = 68AD720D251D9868000C89C5 /* LaunchScreen.storyboard */; };
		68AD7212251D9868000C89C5 /* main.m in Sources */ = {isa = PBXBuildFile; fileRef = 68AD7211251D9868000C89C5 /* main.m */; };
		68AD721C251D9868000C89C5 /* KJBaseHandlerTests.m in Sources */ = {isa = PBXBuildFile; fileRef = 68AD721B251D9868000C89C5 /* KJBaseHandlerTests.m */; };
		68AD7227251D9868000C89C5 /* KJBaseHandlerUITests.m in Sources */ = {isa = PBXBuildFile; fileRef = 68AD7226251D9868000C89C5 /* KJBaseHandlerUITests.m */; };
		68AD7245251D98FA000C89C5 /* KJRunloopManager.m in Sources */ = {isa = PBXBuildFile; fileRef = 68AD7244251D98FA000C89C5 /* KJRunloopManager.m */; };
		68C55DA6252076DC00AD3308 /* KJBaseNavigationController.m in Sources */ = {isa = PBXBuildFile; fileRef = 68C55DA5252076DC00AD3308 /* KJBaseNavigationController.m */; };
		68C55DAF25207AA100AD3308 /* KJBaseButton.m in Sources */ = {isa = PBXBuildFile; fileRef = 68C55DAE25207AA100AD3308 /* KJBaseButton.m */; };
		68CA3939251DD72B00EB99E4 /* KJBase.bundle in Resources */ = {isa = PBXBuildFile; fileRef = 68CA3938251DD72B00EB99E4 /* KJBase.bundle */; };
		68D66A16251DE38100CA1EB7 /* KJBaseHandler.podspec in Resources */ = {isa = PBXBuildFile; fileRef = 68D66A14251DE38100CA1EB7 /* KJBaseHandler.podspec */; };
		68D66A17251DE38100CA1EB7 /* README.md in Resources */ = {isa = PBXBuildFile; fileRef = 68D66A15251DE38100CA1EB7 /* README.md */; };
		68F3A85425393D4300BCD817 /* KJCommonCryptoTool.m in Sources */ = {isa = PBXBuildFile; fileRef = 68F3A85325393D4300BCD817 /* KJCommonCryptoTool.m */; };
		68F3A85D25393EDD00BCD817 /* KJWebDiscernTool.m in Sources */ = {isa = PBXBuildFile; fileRef = 68F3A85C25393EDD00BCD817 /* KJWebDiscernTool.m */; };
		68F3A86625393EFD00BCD817 /* KJDownloadTool.m in Sources */ = {isa = PBXBuildFile; fileRef = 68F3A86525393EFD00BCD817 /* KJDownloadTool.m */; };
		9F0B492B121BE18F6128FF27 /* Pods_KJBaseHandlerTests.framework in Frameworks */ = {isa = PBXBuildFile; fileRef = CFB395326D2550F7CB59B19D /* Pods_KJBaseHandlerTests.framework */; };
		C9921069BCA1E75BDCDA5606 /* Pods_KJBaseHandler.framework in Frameworks */ = {isa = PBXBuildFile; fileRef = 04B1D42EABB8319E852530B5 /* Pods_KJBaseHandler.framework */; };
/* End PBXBuildFile section */

/* Begin PBXContainerItemProxy section */
		68AD7218251D9868000C89C5 /* PBXContainerItemProxy */ = {
			isa = PBXContainerItemProxy;
			containerPortal = 68AD71F4251D9867000C89C5 /* Project object */;
			proxyType = 1;
			remoteGlobalIDString = 68AD71FB251D9867000C89C5;
			remoteInfo = KJBaseHandler;
		};
		68AD7223251D9868000C89C5 /* PBXContainerItemProxy */ = {
			isa = PBXContainerItemProxy;
			containerPortal = 68AD71F4251D9867000C89C5 /* Project object */;
			proxyType = 1;
			remoteGlobalIDString = 68AD71FB251D9867000C89C5;
			remoteInfo = KJBaseHandler;
		};
/* End PBXContainerItemProxy section */

/* Begin PBXFileReference section */
		04B1D42EABB8319E852530B5 /* Pods_KJBaseHandler.framework */ = {isa = PBXFileReference; explicitFileType = wrapper.framework; includeInIndex = 0; path = Pods_KJBaseHandler.framework; sourceTree = BUILT_PRODUCTS_DIR; };
		2312602D93CEA735319309B9 /* Pods-KJBaseHandler-KJBaseHandlerUITests.debug.xcconfig */ = {isa = PBXFileReference; includeInIndex = 1; lastKnownFileType = text.xcconfig; name = "Pods-KJBaseHandler-KJBaseHandlerUITests.debug.xcconfig"; path = "Target Support Files/Pods-KJBaseHandler-KJBaseHandlerUITests/Pods-KJBaseHandler-KJBaseHandlerUITests.debug.xcconfig"; sourceTree = "<group>"; };
		4043B4FC658FCEB3E969A9BF /* Pods-KJBaseHandlerTests.release.xcconfig */ = {isa = PBXFileReference; includeInIndex = 1; lastKnownFileType = text.xcconfig; name = "Pods-KJBaseHandlerTests.release.xcconfig"; path = "Target Support Files/Pods-KJBaseHandlerTests/Pods-KJBaseHandlerTests.release.xcconfig"; sourceTree = "<group>"; };
		5EFF12F4E86548EB1344D5D2 /* Pods-KJBaseHandler-KJBaseHandlerUITests.release.xcconfig */ = {isa = PBXFileReference; includeInIndex = 1; lastKnownFileType = text.xcconfig; name = "Pods-KJBaseHandler-KJBaseHandlerUITests.release.xcconfig"; path = "Target Support Files/Pods-KJBaseHandler-KJBaseHandlerUITests/Pods-KJBaseHandler-KJBaseHandlerUITests.release.xcconfig"; sourceTree = "<group>"; };
		6821118F253551AD00EA3F3F /* KJVideoEncodeTool.m */ = {isa = PBXFileReference; fileEncoding = 4; lastKnownFileType = sourcecode.c.objc; path = KJVideoEncodeTool.m; sourceTree = "<group>"; };
		68211190253551AD00EA3F3F /* KJVideoEncodeTool.h */ = {isa = PBXFileReference; fileEncoding = 4; lastKnownFileType = sourcecode.c.h; path = KJVideoEncodeTool.h; sourceTree = "<group>"; };
		682111952535522C00EA3F3F /* KJBaseViewController.h */ = {isa = PBXFileReference; lastKnownFileType = sourcecode.c.h; path = KJBaseViewController.h; sourceTree = "<group>"; };
		682111962535522C00EA3F3F /* KJBaseViewController.m */ = {isa = PBXFileReference; lastKnownFileType = sourcecode.c.objc; path = KJBaseViewController.m; sourceTree = "<group>"; };
		6821119B2535524E00EA3F3F /* KJVideoEncodeVC.h */ = {isa = PBXFileReference; lastKnownFileType = sourcecode.c.h; path = KJVideoEncodeVC.h; sourceTree = "<group>"; };
		6821119C2535524E00EA3F3F /* KJVideoEncodeVC.m */ = {isa = PBXFileReference; lastKnownFileType = sourcecode.c.objc; path = KJVideoEncodeVC.m; sourceTree = "<group>"; };
		68341C9F253E8746000CAAF3 /* KJRouter.h */ = {isa = PBXFileReference; lastKnownFileType = sourcecode.c.h; path = KJRouter.h; sourceTree = "<group>"; };
		68341CA0253E8746000CAAF3 /* KJRouter.m */ = {isa = PBXFileReference; lastKnownFileType = sourcecode.c.objc; path = KJRouter.m; sourceTree = "<group>"; };
		68341CAE253ED2A4000CAAF3 /* NSURL+KJRouter.h */ = {isa = PBXFileReference; lastKnownFileType = sourcecode.c.h; path = "NSURL+KJRouter.h"; sourceTree = "<group>"; };
		68341CAF253ED2A4000CAAF3 /* NSURL+KJRouter.m */ = {isa = PBXFileReference; lastKnownFileType = sourcecode.c.objc; path = "NSURL+KJRouter.m"; sourceTree = "<group>"; };
		68431B862547FC5600ED7B67 /* KJShareInstanceVC.h */ = {isa = PBXFileReference; lastKnownFileType = sourcecode.c.h; path = KJShareInstanceVC.h; sourceTree = "<group>"; };
		68431B872547FC5600ED7B67 /* KJShareInstanceVC.m */ = {isa = PBXFileReference; lastKnownFileType = sourcecode.c.objc; path = KJShareInstanceVC.m; sourceTree = "<group>"; };
		68431B8C25480F6900ED7B67 /* KJBadgeViewVC.h */ = {isa = PBXFileReference; lastKnownFileType = sourcecode.c.h; path = KJBadgeViewVC.h; sourceTree = "<group>"; };
		68431B8D25480F6900ED7B67 /* KJBadgeViewVC.m */ = {isa = PBXFileReference; lastKnownFileType = sourcecode.c.objc; path = KJBadgeViewVC.m; sourceTree = "<group>"; };
		68434AD1253D32D80012289D /* KJBaseModel.h */ = {isa = PBXFileReference; lastKnownFileType = sourcecode.c.h; path = KJBaseModel.h; sourceTree = "<group>"; };
		68434AD2253D32D80012289D /* KJBaseModel.m */ = {isa = PBXFileReference; lastKnownFileType = sourcecode.c.objc; path = KJBaseModel.m; sourceTree = "<group>"; };
		685EA0AA2546602B00C2C33C /* KJBadgeView.h */ = {isa = PBXFileReference; lastKnownFileType = sourcecode.c.h; path = KJBadgeView.h; sourceTree = "<group>"; };
		685EA0AB2546602B00C2C33C /* KJBadgeView.m */ = {isa = PBXFileReference; lastKnownFileType = sourcecode.c.objc; path = KJBadgeView.m; sourceTree = "<group>"; };
		68AD71FC251D9867000C89C5 /* KJBaseHandler.app */ = {isa = PBXFileReference; explicitFileType = wrapper.application; includeInIndex = 0; path = KJBaseHandler.app; sourceTree = BUILT_PRODUCTS_DIR; };
		68AD71FF251D9867000C89C5 /* AppDelegate.h */ = {isa = PBXFileReference; lastKnownFileType = sourcecode.c.h; path = AppDelegate.h; sourceTree = "<group>"; };
		68AD7200251D9867000C89C5 /* AppDelegate.m */ = {isa = PBXFileReference; lastKnownFileType = sourcecode.c.objc; path = AppDelegate.m; sourceTree = "<group>"; };
		68AD7202251D9867000C89C5 /* SceneDelegate.h */ = {isa = PBXFileReference; lastKnownFileType = sourcecode.c.h; path = SceneDelegate.h; sourceTree = "<group>"; };
		68AD7203251D9867000C89C5 /* SceneDelegate.m */ = {isa = PBXFileReference; lastKnownFileType = sourcecode.c.objc; path = SceneDelegate.m; sourceTree = "<group>"; };
		68AD7205251D9867000C89C5 /* ViewController.h */ = {isa = PBXFileReference; lastKnownFileType = sourcecode.c.h; path = ViewController.h; sourceTree = "<group>"; };
		68AD7206251D9867000C89C5 /* ViewController.m */ = {isa = PBXFileReference; lastKnownFileType = sourcecode.c.objc; path = ViewController.m; sourceTree = "<group>"; };
		68AD7209251D9867000C89C5 /* Base */ = {isa = PBXFileReference; lastKnownFileType = file.storyboard; name = Base; path = Base.lproj/Main.storyboard; sourceTree = "<group>"; };
		68AD720B251D9868000C89C5 /* Assets.xcassets */ = {isa = PBXFileReference; lastKnownFileType = folder.assetcatalog; path = Assets.xcassets; sourceTree = "<group>"; };
		68AD720E251D9868000C89C5 /* Base */ = {isa = PBXFileReference; lastKnownFileType = file.storyboard; name = Base; path = Base.lproj/LaunchScreen.storyboard; sourceTree = "<group>"; };
		68AD7210251D9868000C89C5 /* Info.plist */ = {isa = PBXFileReference; lastKnownFileType = text.plist.xml; path = Info.plist; sourceTree = "<group>"; };
		68AD7211251D9868000C89C5 /* main.m */ = {isa = PBXFileReference; lastKnownFileType = sourcecode.c.objc; path = main.m; sourceTree = "<group>"; };
		68AD7217251D9868000C89C5 /* KJBaseHandlerTests.xctest */ = {isa = PBXFileReference; explicitFileType = wrapper.cfbundle; includeInIndex = 0; path = KJBaseHandlerTests.xctest; sourceTree = BUILT_PRODUCTS_DIR; };
		68AD721B251D9868000C89C5 /* KJBaseHandlerTests.m */ = {isa = PBXFileReference; lastKnownFileType = sourcecode.c.objc; path = KJBaseHandlerTests.m; sourceTree = "<group>"; };
		68AD721D251D9868000C89C5 /* Info.plist */ = {isa = PBXFileReference; lastKnownFileType = text.plist.xml; path = Info.plist; sourceTree = "<group>"; };
		68AD7222251D9868000C89C5 /* KJBaseHandlerUITests.xctest */ = {isa = PBXFileReference; explicitFileType = wrapper.cfbundle; includeInIndex = 0; path = KJBaseHandlerUITests.xctest; sourceTree = BUILT_PRODUCTS_DIR; };
		68AD7226251D9868000C89C5 /* KJBaseHandlerUITests.m */ = {isa = PBXFileReference; lastKnownFileType = sourcecode.c.objc; path = KJBaseHandlerUITests.m; sourceTree = "<group>"; };
		68AD7228251D9868000C89C5 /* Info.plist */ = {isa = PBXFileReference; lastKnownFileType = text.plist.xml; path = Info.plist; sourceTree = "<group>"; };
		68AD7243251D98FA000C89C5 /* KJRunloopManager.h */ = {isa = PBXFileReference; fileEncoding = 4; lastKnownFileType = sourcecode.c.h; path = KJRunloopManager.h; sourceTree = "<group>"; };
		68AD7244251D98FA000C89C5 /* KJRunloopManager.m */ = {isa = PBXFileReference; fileEncoding = 4; lastKnownFileType = sourcecode.c.objc; path = KJRunloopManager.m; sourceTree = "<group>"; };
		68C55DA4252076DC00AD3308 /* KJBaseNavigationController.h */ = {isa = PBXFileReference; lastKnownFileType = sourcecode.c.h; path = KJBaseNavigationController.h; sourceTree = "<group>"; };
		68C55DA5252076DC00AD3308 /* KJBaseNavigationController.m */ = {isa = PBXFileReference; lastKnownFileType = sourcecode.c.objc; path = KJBaseNavigationController.m; sourceTree = "<group>"; };
		68C55DAD25207AA100AD3308 /* KJBaseButton.h */ = {isa = PBXFileReference; lastKnownFileType = sourcecode.c.h; path = KJBaseButton.h; sourceTree = "<group>"; };
		68C55DAE25207AA100AD3308 /* KJBaseButton.m */ = {isa = PBXFileReference; lastKnownFileType = sourcecode.c.objc; path = KJBaseButton.m; sourceTree = "<group>"; };
		68CA3938251DD72B00EB99E4 /* KJBase.bundle */ = {isa = PBXFileReference; lastKnownFileType = "wrapper.plug-in"; path = KJBase.bundle; sourceTree = "<group>"; };
		68CA393D251DD81000EB99E4 /* KJBaseHeader.h */ = {isa = PBXFileReference; lastKnownFileType = sourcecode.c.h; path = KJBaseHeader.h; sourceTree = "<group>"; };
		68CA393F251DD83F00EB99E4 /* PrefixHeader.pch */ = {isa = PBXFileReference; lastKnownFileType = sourcecode.c.h; path = PrefixHeader.pch; sourceTree = "<group>"; };
		68D66A14251DE38100CA1EB7 /* KJBaseHandler.podspec */ = {isa = PBXFileReference; lastKnownFileType = text; path = KJBaseHandler.podspec; sourceTree = SOURCE_ROOT; };
		68D66A15251DE38100CA1EB7 /* README.md */ = {isa = PBXFileReference; fileEncoding = 4; lastKnownFileType = net.daringfireball.markdown; path = README.md; sourceTree = SOURCE_ROOT; };
		68F3A85225393D4300BCD817 /* KJCommonCryptoTool.h */ = {isa = PBXFileReference; fileEncoding = 4; lastKnownFileType = sourcecode.c.h; path = KJCommonCryptoTool.h; sourceTree = "<group>"; };
		68F3A85325393D4300BCD817 /* KJCommonCryptoTool.m */ = {isa = PBXFileReference; fileEncoding = 4; lastKnownFileType = sourcecode.c.objc; path = KJCommonCryptoTool.m; sourceTree = "<group>"; };
		68F3A85B25393EDD00BCD817 /* KJWebDiscernTool.h */ = {isa = PBXFileReference; fileEncoding = 4; lastKnownFileType = sourcecode.c.h; path = KJWebDiscernTool.h; sourceTree = "<group>"; };
		68F3A85C25393EDD00BCD817 /* KJWebDiscernTool.m */ = {isa = PBXFileReference; fileEncoding = 4; lastKnownFileType = sourcecode.c.objc; path = KJWebDiscernTool.m; sourceTree = "<group>"; };
		68F3A86425393EFD00BCD817 /* KJDownloadTool.h */ = {isa = PBXFileReference; fileEncoding = 4; lastKnownFileType = sourcecode.c.h; path = KJDownloadTool.h; sourceTree = "<group>"; };
		68F3A86525393EFD00BCD817 /* KJDownloadTool.m */ = {isa = PBXFileReference; fileEncoding = 4; lastKnownFileType = sourcecode.c.objc; path = KJDownloadTool.m; sourceTree = "<group>"; };
		91D1D7763CB9C3B954C28CDF /* Pods-KJBaseHandlerTests.debug.xcconfig */ = {isa = PBXFileReference; includeInIndex = 1; lastKnownFileType = text.xcconfig; name = "Pods-KJBaseHandlerTests.debug.xcconfig"; path = "Target Support Files/Pods-KJBaseHandlerTests/Pods-KJBaseHandlerTests.debug.xcconfig"; sourceTree = "<group>"; };
		CFB395326D2550F7CB59B19D /* Pods_KJBaseHandlerTests.framework */ = {isa = PBXFileReference; explicitFileType = wrapper.framework; includeInIndex = 0; path = Pods_KJBaseHandlerTests.framework; sourceTree = BUILT_PRODUCTS_DIR; };
		DD94703DB7F97421D9C50A6B /* Pods-KJBaseHandler.release.xcconfig */ = {isa = PBXFileReference; includeInIndex = 1; lastKnownFileType = text.xcconfig; name = "Pods-KJBaseHandler.release.xcconfig"; path = "Target Support Files/Pods-KJBaseHandler/Pods-KJBaseHandler.release.xcconfig"; sourceTree = "<group>"; };
		FA88CC9905F05F032126765B /* Pods-KJBaseHandler.debug.xcconfig */ = {isa = PBXFileReference; includeInIndex = 1; lastKnownFileType = text.xcconfig; name = "Pods-KJBaseHandler.debug.xcconfig"; path = "Target Support Files/Pods-KJBaseHandler/Pods-KJBaseHandler.debug.xcconfig"; sourceTree = "<group>"; };
		FCFD5022857AD5A13140B259 /* Pods_KJBaseHandler_KJBaseHandlerUITests.framework */ = {isa = PBXFileReference; explicitFileType = wrapper.framework; includeInIndex = 0; path = Pods_KJBaseHandler_KJBaseHandlerUITests.framework; sourceTree = BUILT_PRODUCTS_DIR; };
/* End PBXFileReference section */

/* Begin PBXFrameworksBuildPhase section */
		68AD71F9251D9867000C89C5 /* Frameworks */ = {
			isa = PBXFrameworksBuildPhase;
			buildActionMask = 2147483647;
			files = (
				C9921069BCA1E75BDCDA5606 /* Pods_KJBaseHandler.framework in Frameworks */,
			);
			runOnlyForDeploymentPostprocessing = 0;
		};
		68AD7214251D9868000C89C5 /* Frameworks */ = {
			isa = PBXFrameworksBuildPhase;
			buildActionMask = 2147483647;
			files = (
				9F0B492B121BE18F6128FF27 /* Pods_KJBaseHandlerTests.framework in Frameworks */,
			);
			runOnlyForDeploymentPostprocessing = 0;
		};
		68AD721F251D9868000C89C5 /* Frameworks */ = {
			isa = PBXFrameworksBuildPhase;
			buildActionMask = 2147483647;
			files = (
				5F29EBAD24F70B1A0F55F775 /* Pods_KJBaseHandler_KJBaseHandlerUITests.framework in Frameworks */,
			);
			runOnlyForDeploymentPostprocessing = 0;
		};
/* End PBXFrameworksBuildPhase section */

/* Begin PBXGroup section */
		6323E2C1306FA780A8BDBFBE /* Pods */ = {
			isa = PBXGroup;
			children = (
				FA88CC9905F05F032126765B /* Pods-KJBaseHandler.debug.xcconfig */,
				DD94703DB7F97421D9C50A6B /* Pods-KJBaseHandler.release.xcconfig */,
				2312602D93CEA735319309B9 /* Pods-KJBaseHandler-KJBaseHandlerUITests.debug.xcconfig */,
				5EFF12F4E86548EB1344D5D2 /* Pods-KJBaseHandler-KJBaseHandlerUITests.release.xcconfig */,
				91D1D7763CB9C3B954C28CDF /* Pods-KJBaseHandlerTests.debug.xcconfig */,
				4043B4FC658FCEB3E969A9BF /* Pods-KJBaseHandlerTests.release.xcconfig */,
			);
			path = Pods;
			sourceTree = "<group>";
		};
		68341C9E253E8725000CAAF3 /* Router */ = {
			isa = PBXGroup;
			children = (
				68341C9F253E8746000CAAF3 /* KJRouter.h */,
				68341CA0253E8746000CAAF3 /* KJRouter.m */,
				68341CAE253ED2A4000CAAF3 /* NSURL+KJRouter.h */,
				68341CAF253ED2A4000CAAF3 /* NSURL+KJRouter.m */,
			);
			path = Router;
			sourceTree = "<group>";
		};
		68434AD0253D32C20012289D /* Model */ = {
			isa = PBXGroup;
			children = (
				68434AD1253D32D80012289D /* KJBaseModel.h */,
				68434AD2253D32D80012289D /* KJBaseModel.m */,
			);
			path = Model;
			sourceTree = "<group>";
		};
		685EA0A92546600C00C2C33C /* KJBadgeView */ = {
			isa = PBXGroup;
			children = (
				685EA0AA2546602B00C2C33C /* KJBadgeView.h */,
				685EA0AB2546602B00C2C33C /* KJBadgeView.m */,
			);
			path = KJBadgeView;
			sourceTree = "<group>";
		};
		68AD71F3251D9867000C89C5 = {
			isa = PBXGroup;
			children = (
				68AD71FE251D9867000C89C5 /* KJBaseHandler */,
				68AD721A251D9868000C89C5 /* KJBaseHandlerTests */,
				68AD7225251D9868000C89C5 /* KJBaseHandlerUITests */,
				68AD71FD251D9867000C89C5 /* Products */,
				6323E2C1306FA780A8BDBFBE /* Pods */,
				900618438B64212137D9F5F4 /* Frameworks */,
			);
			sourceTree = "<group>";
		};
		68AD71FD251D9867000C89C5 /* Products */ = {
			isa = PBXGroup;
			children = (
				68AD71FC251D9867000C89C5 /* KJBaseHandler.app */,
				68AD7217251D9868000C89C5 /* KJBaseHandlerTests.xctest */,
				68AD7222251D9868000C89C5 /* KJBaseHandlerUITests.xctest */,
			);
			name = Products;
			sourceTree = "<group>";
		};
		68AD71FE251D9867000C89C5 /* KJBaseHandler */ = {
			isa = PBXGroup;
			children = (
				68CA393D251DD81000EB99E4 /* KJBaseHeader.h */,
				68341C9E253E8725000CAAF3 /* Router */,
				68CA3937251DD6BD00EB99E4 /* Base */,
				68AD7242251D98FA000C89C5 /* Tool */,
				68CA393E251DD81F00EB99E4 /* test */,
				68AD7202251D9867000C89C5 /* SceneDelegate.h */,
				68AD7203251D9867000C89C5 /* SceneDelegate.m */,
				68AD71FF251D9867000C89C5 /* AppDelegate.h */,
				68AD7200251D9867000C89C5 /* AppDelegate.m */,
				68CA393F251DD83F00EB99E4 /* PrefixHeader.pch */,
				68AD7205251D9867000C89C5 /* ViewController.h */,
				68AD7206251D9867000C89C5 /* ViewController.m */,
				68AD7208251D9867000C89C5 /* Main.storyboard */,
				68AD720B251D9868000C89C5 /* Assets.xcassets */,
				68AD720D251D9868000C89C5 /* LaunchScreen.storyboard */,
				68AD7210251D9868000C89C5 /* Info.plist */,
				68AD7211251D9868000C89C5 /* main.m */,
				68D66A14251DE38100CA1EB7 /* KJBaseHandler.podspec */,
				68D66A15251DE38100CA1EB7 /* README.md */,
			);
			path = KJBaseHandler;
			sourceTree = "<group>";
		};
		68AD721A251D9868000C89C5 /* KJBaseHandlerTests */ = {
			isa = PBXGroup;
			children = (
				68AD721B251D9868000C89C5 /* KJBaseHandlerTests.m */,
				68AD721D251D9868000C89C5 /* Info.plist */,
			);
			path = KJBaseHandlerTests;
			sourceTree = "<group>";
		};
		68AD7225251D9868000C89C5 /* KJBaseHandlerUITests */ = {
			isa = PBXGroup;
			children = (
				68AD7226251D9868000C89C5 /* KJBaseHandlerUITests.m */,
				68AD7228251D9868000C89C5 /* Info.plist */,
			);
			path = KJBaseHandlerUITests;
			sourceTree = "<group>";
		};
		68AD7242251D98FA000C89C5 /* Tool */ = {
			isa = PBXGroup;
			children = (
				68F3A86425393EFD00BCD817 /* KJDownloadTool.h */,
				68F3A86525393EFD00BCD817 /* KJDownloadTool.m */,
				68F3A85B25393EDD00BCD817 /* KJWebDiscernTool.h */,
				68F3A85C25393EDD00BCD817 /* KJWebDiscernTool.m */,
				68F3A85225393D4300BCD817 /* KJCommonCryptoTool.h */,
				68F3A85325393D4300BCD817 /* KJCommonCryptoTool.m */,
				68211190253551AD00EA3F3F /* KJVideoEncodeTool.h */,
				6821118F253551AD00EA3F3F /* KJVideoEncodeTool.m */,
				68AD7243251D98FA000C89C5 /* KJRunloopManager.h */,
				68AD7244251D98FA000C89C5 /* KJRunloopManager.m */,
			);
			path = Tool;
			sourceTree = "<group>";
		};
		68C55DA3252076BB00AD3308 /* UINavigationController */ = {
			isa = PBXGroup;
			children = (
				68C55DA4252076DC00AD3308 /* KJBaseNavigationController.h */,
				68C55DA5252076DC00AD3308 /* KJBaseNavigationController.m */,
			);
			path = UINavigationController;
			sourceTree = "<group>";
		};
		68CA3937251DD6BD00EB99E4 /* Base */ = {
			isa = PBXGroup;
			children = (
				68434AD0253D32C20012289D /* Model */,
				68D669F4251DDA9100CA1EB7 /* View */,
				68D669F3251DDA8400CA1EB7 /* ViewController */,
				68CA3938251DD72B00EB99E4 /* KJBase.bundle */,
			);
			path = Base;
			sourceTree = "<group>";
		};
		68CA393E251DD81F00EB99E4 /* test */ = {
			isa = PBXGroup;
			children = (
				6821119B2535524E00EA3F3F /* KJVideoEncodeVC.h */,
				6821119C2535524E00EA3F3F /* KJVideoEncodeVC.m */,
				68431B862547FC5600ED7B67 /* KJShareInstanceVC.h */,
				68431B872547FC5600ED7B67 /* KJShareInstanceVC.m */,
				68431B8C25480F6900ED7B67 /* KJBadgeViewVC.h */,
				68431B8D25480F6900ED7B67 /* KJBadgeViewVC.m */,
			);
			path = test;
			sourceTree = "<group>";
		};
		68D669F3251DDA8400CA1EB7 /* ViewController */ = {
			isa = PBXGroup;
			children = (
				68C55DA3252076BB00AD3308 /* UINavigationController */,
				68D66A1C251DE3E400CA1EB7 /* UIViewController */,
			);
			path = ViewController;
			sourceTree = "<group>";
		};
		68D669F4251DDA9100CA1EB7 /* View */ = {
			isa = PBXGroup;
			children = (
				685EA0A92546600C00C2C33C /* KJBadgeView */,
				68D66A1B251DE3DA00CA1EB7 /* UIButton */,
			);
			path = View;
			sourceTree = "<group>";
		};
		68D66A1B251DE3DA00CA1EB7 /* UIButton */ = {
			isa = PBXGroup;
			children = (
				68C55DAD25207AA100AD3308 /* KJBaseButton.h */,
				68C55DAE25207AA100AD3308 /* KJBaseButton.m */,
			);
			path = UIButton;
			sourceTree = "<group>";
		};
		68D66A1C251DE3E400CA1EB7 /* UIViewController */ = {
			isa = PBXGroup;
			children = (
				682111952535522C00EA3F3F /* KJBaseViewController.h */,
				682111962535522C00EA3F3F /* KJBaseViewController.m */,
			);
			path = UIViewController;
			sourceTree = "<group>";
		};
		900618438B64212137D9F5F4 /* Frameworks */ = {
			isa = PBXGroup;
			children = (
				04B1D42EABB8319E852530B5 /* Pods_KJBaseHandler.framework */,
				FCFD5022857AD5A13140B259 /* Pods_KJBaseHandler_KJBaseHandlerUITests.framework */,
				CFB395326D2550F7CB59B19D /* Pods_KJBaseHandlerTests.framework */,
			);
			name = Frameworks;
			sourceTree = "<group>";
		};
/* End PBXGroup section */

/* Begin PBXNativeTarget section */
		68AD71FB251D9867000C89C5 /* KJBaseHandler */ = {
			isa = PBXNativeTarget;
			buildConfigurationList = 68AD722B251D9868000C89C5 /* Build configuration list for PBXNativeTarget "KJBaseHandler" */;
			buildPhases = (
				4815FC0ECBF775A18818B004 /* [CP] Check Pods Manifest.lock */,
				68AD71F8251D9867000C89C5 /* Sources */,
				68AD71F9251D9867000C89C5 /* Frameworks */,
				68AD71FA251D9867000C89C5 /* Resources */,
				7FDB2447AA39F10EDD34F1B4 /* [CP] Embed Pods Frameworks */,
			);
			buildRules = (
			);
			dependencies = (
			);
			name = KJBaseHandler;
			productName = KJBaseHandler;
			productReference = 68AD71FC251D9867000C89C5 /* KJBaseHandler.app */;
			productType = "com.apple.product-type.application";
		};
		68AD7216251D9868000C89C5 /* KJBaseHandlerTests */ = {
			isa = PBXNativeTarget;
			buildConfigurationList = 68AD722E251D9868000C89C5 /* Build configuration list for PBXNativeTarget "KJBaseHandlerTests" */;
			buildPhases = (
				9163EED0D9FF3DEF4FD48C4E /* [CP] Check Pods Manifest.lock */,
				68AD7213251D9868000C89C5 /* Sources */,
				68AD7214251D9868000C89C5 /* Frameworks */,
				68AD7215251D9868000C89C5 /* Resources */,
			);
			buildRules = (
			);
			dependencies = (
				68AD7219251D9868000C89C5 /* PBXTargetDependency */,
			);
			name = KJBaseHandlerTests;
			productName = KJBaseHandlerTests;
			productReference = 68AD7217251D9868000C89C5 /* KJBaseHandlerTests.xctest */;
			productType = "com.apple.product-type.bundle.unit-test";
		};
		68AD7221251D9868000C89C5 /* KJBaseHandlerUITests */ = {
			isa = PBXNativeTarget;
			buildConfigurationList = 68AD7231251D9868000C89C5 /* Build configuration list for PBXNativeTarget "KJBaseHandlerUITests" */;
			buildPhases = (
				FDD2EA4DFE78EC1F30E8AEA0 /* [CP] Check Pods Manifest.lock */,
				68AD721E251D9868000C89C5 /* Sources */,
				68AD721F251D9868000C89C5 /* Frameworks */,
				68AD7220251D9868000C89C5 /* Resources */,
				304CB9FC6FA3C8696F39AFDB /* [CP] Embed Pods Frameworks */,
			);
			buildRules = (
			);
			dependencies = (
				68AD7224251D9868000C89C5 /* PBXTargetDependency */,
			);
			name = KJBaseHandlerUITests;
			productName = KJBaseHandlerUITests;
			productReference = 68AD7222251D9868000C89C5 /* KJBaseHandlerUITests.xctest */;
			productType = "com.apple.product-type.bundle.ui-testing";
		};
/* End PBXNativeTarget section */

/* Begin PBXProject section */
		68AD71F4251D9867000C89C5 /* Project object */ = {
			isa = PBXProject;
			attributes = {
				LastUpgradeCheck = 1200;
				TargetAttributes = {
					68AD71FB251D9867000C89C5 = {
						CreatedOnToolsVersion = 12.0;
					};
					68AD7216251D9868000C89C5 = {
						CreatedOnToolsVersion = 12.0;
						TestTargetID = 68AD71FB251D9867000C89C5;
					};
					68AD7221251D9868000C89C5 = {
						CreatedOnToolsVersion = 12.0;
						TestTargetID = 68AD71FB251D9867000C89C5;
					};
				};
			};
			buildConfigurationList = 68AD71F7251D9867000C89C5 /* Build configuration list for PBXProject "KJBaseHandler" */;
			compatibilityVersion = "Xcode 9.3";
			developmentRegion = en;
			hasScannedForEncodings = 0;
			knownRegions = (
				en,
				Base,
			);
			mainGroup = 68AD71F3251D9867000C89C5;
			productRefGroup = 68AD71FD251D9867000C89C5 /* Products */;
			projectDirPath = "";
			projectRoot = "";
			targets = (
				68AD71FB251D9867000C89C5 /* KJBaseHandler */,
				68AD7216251D9868000C89C5 /* KJBaseHandlerTests */,
				68AD7221251D9868000C89C5 /* KJBaseHandlerUITests */,
			);
		};
/* End PBXProject section */

/* Begin PBXResourcesBuildPhase section */
		68AD71FA251D9867000C89C5 /* Resources */ = {
			isa = PBXResourcesBuildPhase;
			buildActionMask = 2147483647;
			files = (
				68D66A17251DE38100CA1EB7 /* README.md in Resources */,
				68AD720F251D9868000C89C5 /* LaunchScreen.storyboard in Resources */,
				68CA3939251DD72B00EB99E4 /* KJBase.bundle in Resources */,
				68D66A16251DE38100CA1EB7 /* KJBaseHandler.podspec in Resources */,
				68AD720C251D9868000C89C5 /* Assets.xcassets in Resources */,
				68AD720A251D9867000C89C5 /* Main.storyboard in Resources */,
			);
			runOnlyForDeploymentPostprocessing = 0;
		};
		68AD7215251D9868000C89C5 /* Resources */ = {
			isa = PBXResourcesBuildPhase;
			buildActionMask = 2147483647;
			files = (
			);
			runOnlyForDeploymentPostprocessing = 0;
		};
		68AD7220251D9868000C89C5 /* Resources */ = {
			isa = PBXResourcesBuildPhase;
			buildActionMask = 2147483647;
			files = (
			);
			runOnlyForDeploymentPostprocessing = 0;
		};
/* End PBXResourcesBuildPhase section */

/* Begin PBXShellScriptBuildPhase section */
		304CB9FC6FA3C8696F39AFDB /* [CP] Embed Pods Frameworks */ = {
			isa = PBXShellScriptBuildPhase;
			buildActionMask = 2147483647;
			files = (
			);
			inputFileListPaths = (
				"${PODS_ROOT}/Target Support Files/Pods-KJBaseHandler-KJBaseHandlerUITests/Pods-KJBaseHandler-KJBaseHandlerUITests-frameworks-${CONFIGURATION}-input-files.xcfilelist",
			);
			name = "[CP] Embed Pods Frameworks";
			outputFileListPaths = (
				"${PODS_ROOT}/Target Support Files/Pods-KJBaseHandler-KJBaseHandlerUITests/Pods-KJBaseHandler-KJBaseHandlerUITests-frameworks-${CONFIGURATION}-output-files.xcfilelist",
			);
			runOnlyForDeploymentPostprocessing = 0;
			shellPath = /bin/sh;
			shellScript = "\"${PODS_ROOT}/Target Support Files/Pods-KJBaseHandler-KJBaseHandlerUITests/Pods-KJBaseHandler-KJBaseHandlerUITests-frameworks.sh\"\n";
			showEnvVarsInLog = 0;
		};
		4815FC0ECBF775A18818B004 /* [CP] Check Pods Manifest.lock */ = {
			isa = PBXShellScriptBuildPhase;
			buildActionMask = 2147483647;
			files = (
			);
			inputFileListPaths = (
			);
			inputPaths = (
				"${PODS_PODFILE_DIR_PATH}/Podfile.lock",
				"${PODS_ROOT}/Manifest.lock",
			);
			name = "[CP] Check Pods Manifest.lock";
			outputFileListPaths = (
			);
			outputPaths = (
				"$(DERIVED_FILE_DIR)/Pods-KJBaseHandler-checkManifestLockResult.txt",
			);
			runOnlyForDeploymentPostprocessing = 0;
			shellPath = /bin/sh;
			shellScript = "diff \"${PODS_PODFILE_DIR_PATH}/Podfile.lock\" \"${PODS_ROOT}/Manifest.lock\" > /dev/null\nif [ $? != 0 ] ; then\n    # print error to STDERR\n    echo \"error: The sandbox is not in sync with the Podfile.lock. Run 'pod install' or update your CocoaPods installation.\" >&2\n    exit 1\nfi\n# This output is used by Xcode 'outputs' to avoid re-running this script phase.\necho \"SUCCESS\" > \"${SCRIPT_OUTPUT_FILE_0}\"\n";
			showEnvVarsInLog = 0;
		};
		7FDB2447AA39F10EDD34F1B4 /* [CP] Embed Pods Frameworks */ = {
			isa = PBXShellScriptBuildPhase;
			buildActionMask = 2147483647;
			files = (
			);
			inputFileListPaths = (
				"${PODS_ROOT}/Target Support Files/Pods-KJBaseHandler/Pods-KJBaseHandler-frameworks-${CONFIGURATION}-input-files.xcfilelist",
			);
			name = "[CP] Embed Pods Frameworks";
			outputFileListPaths = (
				"${PODS_ROOT}/Target Support Files/Pods-KJBaseHandler/Pods-KJBaseHandler-frameworks-${CONFIGURATION}-output-files.xcfilelist",
			);
			runOnlyForDeploymentPostprocessing = 0;
			shellPath = /bin/sh;
			shellScript = "\"${PODS_ROOT}/Target Support Files/Pods-KJBaseHandler/Pods-KJBaseHandler-frameworks.sh\"\n";
			showEnvVarsInLog = 0;
		};
		9163EED0D9FF3DEF4FD48C4E /* [CP] Check Pods Manifest.lock */ = {
			isa = PBXShellScriptBuildPhase;
			buildActionMask = 2147483647;
			files = (
			);
			inputFileListPaths = (
			);
			inputPaths = (
				"${PODS_PODFILE_DIR_PATH}/Podfile.lock",
				"${PODS_ROOT}/Manifest.lock",
			);
			name = "[CP] Check Pods Manifest.lock";
			outputFileListPaths = (
			);
			outputPaths = (
				"$(DERIVED_FILE_DIR)/Pods-KJBaseHandlerTests-checkManifestLockResult.txt",
			);
			runOnlyForDeploymentPostprocessing = 0;
			shellPath = /bin/sh;
			shellScript = "diff \"${PODS_PODFILE_DIR_PATH}/Podfile.lock\" \"${PODS_ROOT}/Manifest.lock\" > /dev/null\nif [ $? != 0 ] ; then\n    # print error to STDERR\n    echo \"error: The sandbox is not in sync with the Podfile.lock. Run 'pod install' or update your CocoaPods installation.\" >&2\n    exit 1\nfi\n# This output is used by Xcode 'outputs' to avoid re-running this script phase.\necho \"SUCCESS\" > \"${SCRIPT_OUTPUT_FILE_0}\"\n";
			showEnvVarsInLog = 0;
		};
		FDD2EA4DFE78EC1F30E8AEA0 /* [CP] Check Pods Manifest.lock */ = {
			isa = PBXShellScriptBuildPhase;
			buildActionMask = 2147483647;
			files = (
			);
			inputFileListPaths = (
			);
			inputPaths = (
				"${PODS_PODFILE_DIR_PATH}/Podfile.lock",
				"${PODS_ROOT}/Manifest.lock",
			);
			name = "[CP] Check Pods Manifest.lock";
			outputFileListPaths = (
			);
			outputPaths = (
				"$(DERIVED_FILE_DIR)/Pods-KJBaseHandler-KJBaseHandlerUITests-checkManifestLockResult.txt",
			);
			runOnlyForDeploymentPostprocessing = 0;
			shellPath = /bin/sh;
			shellScript = "diff \"${PODS_PODFILE_DIR_PATH}/Podfile.lock\" \"${PODS_ROOT}/Manifest.lock\" > /dev/null\nif [ $? != 0 ] ; then\n    # print error to STDERR\n    echo \"error: The sandbox is not in sync with the Podfile.lock. Run 'pod install' or update your CocoaPods installation.\" >&2\n    exit 1\nfi\n# This output is used by Xcode 'outputs' to avoid re-running this script phase.\necho \"SUCCESS\" > \"${SCRIPT_OUTPUT_FILE_0}\"\n";
			showEnvVarsInLog = 0;
		};
/* End PBXShellScriptBuildPhase section */

/* Begin PBXSourcesBuildPhase section */
		68AD71F8251D9867000C89C5 /* Sources */ = {
			isa = PBXSourcesBuildPhase;
			buildActionMask = 2147483647;
			files = (
				685EA0AC2546602B00C2C33C /* KJBadgeView.m in Sources */,
				68AD7245251D98FA000C89C5 /* KJRunloopManager.m in Sources */,
				68431B882547FC5600ED7B67 /* KJShareInstanceVC.m in Sources */,
				68AD7207251D9867000C89C5 /* ViewController.m in Sources */,
				68F3A86625393EFD00BCD817 /* KJDownloadTool.m in Sources */,
				68F3A85D25393EDD00BCD817 /* KJWebDiscernTool.m in Sources */,
				68AD7201251D9867000C89C5 /* AppDelegate.m in Sources */,
				68AD7212251D9868000C89C5 /* main.m in Sources */,
				68341CB0253ED2A4000CAAF3 /* NSURL+KJRouter.m in Sources */,
				682111972535522C00EA3F3F /* KJBaseViewController.m in Sources */,
				6821119D2535524E00EA3F3F /* KJVideoEncodeVC.m in Sources */,
				68C55DAF25207AA100AD3308 /* KJBaseButton.m in Sources */,
				68434AD3253D32D80012289D /* KJBaseModel.m in Sources */,
				68AD7204251D9867000C89C5 /* SceneDelegate.m in Sources */,
				68211191253551AD00EA3F3F /* KJVideoEncodeTool.m in Sources */,
				68F3A85425393D4300BCD817 /* KJCommonCryptoTool.m in Sources */,
				68341CA1253E8746000CAAF3 /* KJRouter.m in Sources */,
				68C55DA6252076DC00AD3308 /* KJBaseNavigationController.m in Sources */,
				68431B8E25480F6900ED7B67 /* KJBadgeViewVC.m in Sources */,
			);
			runOnlyForDeploymentPostprocessing = 0;
		};
		68AD7213251D9868000C89C5 /* Sources */ = {
			isa = PBXSourcesBuildPhase;
			buildActionMask = 2147483647;
			files = (
				68AD721C251D9868000C89C5 /* KJBaseHandlerTests.m in Sources */,
			);
			runOnlyForDeploymentPostprocessing = 0;
		};
		68AD721E251D9868000C89C5 /* Sources */ = {
			isa = PBXSourcesBuildPhase;
			buildActionMask = 2147483647;
			files = (
				68AD7227251D9868000C89C5 /* KJBaseHandlerUITests.m in Sources */,
			);
			runOnlyForDeploymentPostprocessing = 0;
		};
/* End PBXSourcesBuildPhase section */

/* Begin PBXTargetDependency section */
		68AD7219251D9868000C89C5 /* PBXTargetDependency */ = {
			isa = PBXTargetDependency;
			target = 68AD71FB251D9867000C89C5 /* KJBaseHandler */;
			targetProxy = 68AD7218251D9868000C89C5 /* PBXContainerItemProxy */;
		};
		68AD7224251D9868000C89C5 /* PBXTargetDependency */ = {
			isa = PBXTargetDependency;
			target = 68AD71FB251D9867000C89C5 /* KJBaseHandler */;
			targetProxy = 68AD7223251D9868000C89C5 /* PBXContainerItemProxy */;
		};
/* End PBXTargetDependency section */

/* Begin PBXVariantGroup section */
		68AD7208251D9867000C89C5 /* Main.storyboard */ = {
			isa = PBXVariantGroup;
			children = (
				68AD7209251D9867000C89C5 /* Base */,
			);
			name = Main.storyboard;
			sourceTree = "<group>";
		};
		68AD720D251D9868000C89C5 /* LaunchScreen.storyboard */ = {
			isa = PBXVariantGroup;
			children = (
				68AD720E251D9868000C89C5 /* Base */,
			);
			name = LaunchScreen.storyboard;
			sourceTree = "<group>";
		};
/* End PBXVariantGroup section */

/* Begin XCBuildConfiguration section */
		68AD7229251D9868000C89C5 /* Debug */ = {
			isa = XCBuildConfiguration;
			buildSettings = {
				ALWAYS_SEARCH_USER_PATHS = NO;
				CLANG_ANALYZER_NONNULL = YES;
				CLANG_ANALYZER_NUMBER_OBJECT_CONVERSION = YES_AGGRESSIVE;
				CLANG_CXX_LANGUAGE_STANDARD = "gnu++14";
				CLANG_CXX_LIBRARY = "libc++";
				CLANG_ENABLE_MODULES = YES;
				CLANG_ENABLE_OBJC_ARC = YES;
				CLANG_ENABLE_OBJC_WEAK = YES;
				CLANG_WARN_BLOCK_CAPTURE_AUTORELEASING = YES;
				CLANG_WARN_BOOL_CONVERSION = YES;
				CLANG_WARN_COMMA = YES;
				CLANG_WARN_CONSTANT_CONVERSION = YES;
				CLANG_WARN_DEPRECATED_OBJC_IMPLEMENTATIONS = YES;
				CLANG_WARN_DIRECT_OBJC_ISA_USAGE = YES_ERROR;
				CLANG_WARN_DOCUMENTATION_COMMENTS = YES;
				CLANG_WARN_EMPTY_BODY = YES;
				CLANG_WARN_ENUM_CONVERSION = YES;
				CLANG_WARN_INFINITE_RECURSION = YES;
				CLANG_WARN_INT_CONVERSION = YES;
				CLANG_WARN_NON_LITERAL_NULL_CONVERSION = YES;
				CLANG_WARN_OBJC_IMPLICIT_RETAIN_SELF = YES;
				CLANG_WARN_OBJC_LITERAL_CONVERSION = YES;
				CLANG_WARN_OBJC_ROOT_CLASS = YES_ERROR;
				CLANG_WARN_QUOTED_INCLUDE_IN_FRAMEWORK_HEADER = YES;
				CLANG_WARN_RANGE_LOOP_ANALYSIS = YES;
				CLANG_WARN_STRICT_PROTOTYPES = YES;
				CLANG_WARN_SUSPICIOUS_MOVE = YES;
				CLANG_WARN_UNGUARDED_AVAILABILITY = YES_AGGRESSIVE;
				CLANG_WARN_UNREACHABLE_CODE = YES;
				CLANG_WARN__DUPLICATE_METHOD_MATCH = YES;
				COPY_PHASE_STRIP = NO;
				DEBUG_INFORMATION_FORMAT = dwarf;
				ENABLE_STRICT_OBJC_MSGSEND = YES;
				ENABLE_TESTABILITY = YES;
				GCC_C_LANGUAGE_STANDARD = gnu11;
				GCC_DYNAMIC_NO_PIC = NO;
				GCC_NO_COMMON_BLOCKS = YES;
				GCC_OPTIMIZATION_LEVEL = 0;
				GCC_PREPROCESSOR_DEFINITIONS = (
					"DEBUG=1",
					"$(inherited)",
				);
				GCC_WARN_64_TO_32_BIT_CONVERSION = YES;
				GCC_WARN_ABOUT_RETURN_TYPE = YES_ERROR;
				GCC_WARN_UNDECLARED_SELECTOR = YES;
				GCC_WARN_UNINITIALIZED_AUTOS = YES_AGGRESSIVE;
				GCC_WARN_UNUSED_FUNCTION = YES;
				GCC_WARN_UNUSED_VARIABLE = YES;
				IPHONEOS_DEPLOYMENT_TARGET = 12.0;
				MTL_ENABLE_DEBUG_INFO = INCLUDE_SOURCE;
				MTL_FAST_MATH = YES;
				ONLY_ACTIVE_ARCH = YES;
				SDKROOT = iphoneos;
			};
			name = Debug;
		};
		68AD722A251D9868000C89C5 /* Release */ = {
			isa = XCBuildConfiguration;
			buildSettings = {
				ALWAYS_SEARCH_USER_PATHS = NO;
				CLANG_ANALYZER_NONNULL = YES;
				CLANG_ANALYZER_NUMBER_OBJECT_CONVERSION = YES_AGGRESSIVE;
				CLANG_CXX_LANGUAGE_STANDARD = "gnu++14";
				CLANG_CXX_LIBRARY = "libc++";
				CLANG_ENABLE_MODULES = YES;
				CLANG_ENABLE_OBJC_ARC = YES;
				CLANG_ENABLE_OBJC_WEAK = YES;
				CLANG_WARN_BLOCK_CAPTURE_AUTORELEASING = YES;
				CLANG_WARN_BOOL_CONVERSION = YES;
				CLANG_WARN_COMMA = YES;
				CLANG_WARN_CONSTANT_CONVERSION = YES;
				CLANG_WARN_DEPRECATED_OBJC_IMPLEMENTATIONS = YES;
				CLANG_WARN_DIRECT_OBJC_ISA_USAGE = YES_ERROR;
				CLANG_WARN_DOCUMENTATION_COMMENTS = YES;
				CLANG_WARN_EMPTY_BODY = YES;
				CLANG_WARN_ENUM_CONVERSION = YES;
				CLANG_WARN_INFINITE_RECURSION = YES;
				CLANG_WARN_INT_CONVERSION = YES;
				CLANG_WARN_NON_LITERAL_NULL_CONVERSION = YES;
				CLANG_WARN_OBJC_IMPLICIT_RETAIN_SELF = YES;
				CLANG_WARN_OBJC_LITERAL_CONVERSION = YES;
				CLANG_WARN_OBJC_ROOT_CLASS = YES_ERROR;
				CLANG_WARN_QUOTED_INCLUDE_IN_FRAMEWORK_HEADER = YES;
				CLANG_WARN_RANGE_LOOP_ANALYSIS = YES;
				CLANG_WARN_STRICT_PROTOTYPES = YES;
				CLANG_WARN_SUSPICIOUS_MOVE = YES;
				CLANG_WARN_UNGUARDED_AVAILABILITY = YES_AGGRESSIVE;
				CLANG_WARN_UNREACHABLE_CODE = YES;
				CLANG_WARN__DUPLICATE_METHOD_MATCH = YES;
				COPY_PHASE_STRIP = NO;
				DEBUG_INFORMATION_FORMAT = "dwarf-with-dsym";
				ENABLE_NS_ASSERTIONS = NO;
				ENABLE_STRICT_OBJC_MSGSEND = YES;
				GCC_C_LANGUAGE_STANDARD = gnu11;
				GCC_NO_COMMON_BLOCKS = YES;
				GCC_WARN_64_TO_32_BIT_CONVERSION = YES;
				GCC_WARN_ABOUT_RETURN_TYPE = YES_ERROR;
				GCC_WARN_UNDECLARED_SELECTOR = YES;
				GCC_WARN_UNINITIALIZED_AUTOS = YES_AGGRESSIVE;
				GCC_WARN_UNUSED_FUNCTION = YES;
				GCC_WARN_UNUSED_VARIABLE = YES;
				IPHONEOS_DEPLOYMENT_TARGET = 12.0;
				MTL_ENABLE_DEBUG_INFO = NO;
				MTL_FAST_MATH = YES;
				SDKROOT = iphoneos;
				VALIDATE_PRODUCT = YES;
			};
			name = Release;
		};
		68AD722C251D9868000C89C5 /* Debug */ = {
			isa = XCBuildConfiguration;
			baseConfigurationReference = FA88CC9905F05F032126765B /* Pods-KJBaseHandler.debug.xcconfig */;
			buildSettings = {
				ASSETCATALOG_COMPILER_APPICON_NAME = AppIcon;
				ASSETCATALOG_COMPILER_GLOBAL_ACCENT_COLOR_NAME = AccentColor;
				CODE_SIGN_STYLE = Automatic;
				DEVELOPMENT_TEAM = 6E658L6H38;
				GCC_PREFIX_HEADER = "$(SRCROOT)/KJBaseHandler/PrefixHeader.pch";
				INFOPLIST_FILE = KJBaseHandler/Info.plist;
				LD_RUNPATH_SEARCH_PATHS = (
					"$(inherited)",
					"@executable_path/Frameworks",
				);
				PRODUCT_BUNDLE_IDENTIFIER = com.KJBaseHandler;
				PRODUCT_NAME = "$(TARGET_NAME)";
				TARGETED_DEVICE_FAMILY = "1,2";
			};
			name = Debug;
		};
		68AD722D251D9868000C89C5 /* Release */ = {
			isa = XCBuildConfiguration;
			baseConfigurationReference = DD94703DB7F97421D9C50A6B /* Pods-KJBaseHandler.release.xcconfig */;
			buildSettings = {
				ASSETCATALOG_COMPILER_APPICON_NAME = AppIcon;
				ASSETCATALOG_COMPILER_GLOBAL_ACCENT_COLOR_NAME = AccentColor;
				CODE_SIGN_STYLE = Automatic;
				DEVELOPMENT_TEAM = 6E658L6H38;
				GCC_PREFIX_HEADER = "$(SRCROOT)/KJBaseHandler/PrefixHeader.pch";
				INFOPLIST_FILE = KJBaseHandler/Info.plist;
				LD_RUNPATH_SEARCH_PATHS = (
					"$(inherited)",
					"@executable_path/Frameworks",
				);
				PRODUCT_BUNDLE_IDENTIFIER = com.KJBaseHandler;
				PRODUCT_NAME = "$(TARGET_NAME)";
				TARGETED_DEVICE_FAMILY = "1,2";
			};
			name = Release;
		};
		68AD722F251D9868000C89C5 /* Debug */ = {
			isa = XCBuildConfiguration;
			baseConfigurationReference = 91D1D7763CB9C3B954C28CDF /* Pods-KJBaseHandlerTests.debug.xcconfig */;
			buildSettings = {
				BUNDLE_LOADER = "$(TEST_HOST)";
				CODE_SIGN_STYLE = Automatic;
				DEVELOPMENT_TEAM = 6E658L6H38;
				INFOPLIST_FILE = KJBaseHandlerTests/Info.plist;
				IPHONEOS_DEPLOYMENT_TARGET = 14.0;
				LD_RUNPATH_SEARCH_PATHS = (
					"$(inherited)",
					"@executable_path/Frameworks",
					"@loader_path/Frameworks",
				);
				PRODUCT_BUNDLE_IDENTIFIER = com.KJBaseHandlerTests;
				PRODUCT_NAME = "$(TARGET_NAME)";
				TARGETED_DEVICE_FAMILY = "1,2";
				TEST_HOST = "$(BUILT_PRODUCTS_DIR)/KJBaseHandler.app/KJBaseHandler";
			};
			name = Debug;
		};
		68AD7230251D9868000C89C5 /* Release */ = {
			isa = XCBuildConfiguration;
			baseConfigurationReference = 4043B4FC658FCEB3E969A9BF /* Pods-KJBaseHandlerTests.release.xcconfig */;
			buildSettings = {
				BUNDLE_LOADER = "$(TEST_HOST)";
				CODE_SIGN_STYLE = Automatic;
				DEVELOPMENT_TEAM = 6E658L6H38;
				INFOPLIST_FILE = KJBaseHandlerTests/Info.plist;
				IPHONEOS_DEPLOYMENT_TARGET = 14.0;
				LD_RUNPATH_SEARCH_PATHS = (
					"$(inherited)",
					"@executable_path/Frameworks",
					"@loader_path/Frameworks",
				);
				PRODUCT_BUNDLE_IDENTIFIER = com.KJBaseHandlerTests;
				PRODUCT_NAME = "$(TARGET_NAME)";
				TARGETED_DEVICE_FAMILY = "1,2";
				TEST_HOST = "$(BUILT_PRODUCTS_DIR)/KJBaseHandler.app/KJBaseHandler";
			};
			name = Release;
		};
		68AD7232251D9868000C89C5 /* Debug */ = {
			isa = XCBuildConfiguration;
			baseConfigurationReference = 2312602D93CEA735319309B9 /* Pods-KJBaseHandler-KJBaseHandlerUITests.debug.xcconfig */;
			buildSettings = {
				CODE_SIGN_STYLE = Automatic;
				DEVELOPMENT_TEAM = 6E658L6H38;
				INFOPLIST_FILE = KJBaseHandlerUITests/Info.plist;
				LD_RUNPATH_SEARCH_PATHS = (
					"$(inherited)",
					"@executable_path/Frameworks",
					"@loader_path/Frameworks",
				);
				PRODUCT_BUNDLE_IDENTIFIER = com.KJBaseHandlerUITests;
				PRODUCT_NAME = "$(TARGET_NAME)";
				TARGETED_DEVICE_FAMILY = "1,2";
				TEST_TARGET_NAME = KJBaseHandler;
			};
			name = Debug;
		};
		68AD7233251D9868000C89C5 /* Release */ = {
			isa = XCBuildConfiguration;
			baseConfigurationReference = 5EFF12F4E86548EB1344D5D2 /* Pods-KJBaseHandler-KJBaseHandlerUITests.release.xcconfig */;
			buildSettings = {
				CODE_SIGN_STYLE = Automatic;
				DEVELOPMENT_TEAM = 6E658L6H38;
				INFOPLIST_FILE = KJBaseHandlerUITests/Info.plist;
				LD_RUNPATH_SEARCH_PATHS = (
					"$(inherited)",
					"@executable_path/Frameworks",
					"@loader_path/Frameworks",
				);
				PRODUCT_BUNDLE_IDENTIFIER = com.KJBaseHandlerUITests;
				PRODUCT_NAME = "$(TARGET_NAME)";
				TARGETED_DEVICE_FAMILY = "1,2";
				TEST_TARGET_NAME = KJBaseHandler;
			};
			name = Release;
		};
/* End XCBuildConfiguration section */

/* Begin XCConfigurationList section */
		68AD71F7251D9867000C89C5 /* Build configuration list for PBXProject "KJBaseHandler" */ = {
			isa = XCConfigurationList;
			buildConfigurations = (
				68AD7229251D9868000C89C5 /* Debug */,
				68AD722A251D9868000C89C5 /* Release */,
			);
			defaultConfigurationIsVisible = 0;
			defaultConfigurationName = Release;
		};
		68AD722B251D9868000C89C5 /* Build configuration list for PBXNativeTarget "KJBaseHandler" */ = {
			isa = XCConfigurationList;
			buildConfigurations = (
				68AD722C251D9868000C89C5 /* Debug */,
				68AD722D251D9868000C89C5 /* Release */,
			);
			defaultConfigurationIsVisible = 0;
			defaultConfigurationName = Release;
		};
		68AD722E251D9868000C89C5 /* Build configuration list for PBXNativeTarget "KJBaseHandlerTests" */ = {
			isa = XCConfigurationList;
			buildConfigurations = (
				68AD722F251D9868000C89C5 /* Debug */,
				68AD7230251D9868000C89C5 /* Release */,
			);
			defaultConfigurationIsVisible = 0;
			defaultConfigurationName = Release;
		};
		68AD7231251D9868000C89C5 /* Build configuration list for PBXNativeTarget "KJBaseHandlerUITests" */ = {
			isa = XCConfigurationList;
			buildConfigurations = (
				68AD7232251D9868000C89C5 /* Debug */,
				68AD7233251D9868000C89C5 /* Release */,
			);
			defaultConfigurationIsVisible = 0;
			defaultConfigurationName = Release;
		};
/* End XCConfigurationList section */
	};
	rootObject = 68AD71F4251D9867000C89C5 /* Project object */;
}
