PODS:
  - KJExtensionHandler (0.0.1):
    - KJExtensionHandler/Kit (= 0.0.1)
  - KJExtensionHandler/Kit (0.0.1)

DEPENDENCIES:
  - KJExtensionHandler

SPEC REPOS:
  trunk:
    - KJExtensionHandler

SPEC CHECKSUMS:
  KJExtensionHandler: 6900389031ff97bd964b64649681b0eec5f0cdfa

PODFILE CHECKSUM: deeaf0008c5ccbf2fa6b29a53019747780aeef7e

COCOAPODS: 1.9.3
